// !$*UTF8*$!
{
	archiveVersion = 1;
	classes = {
	};
	objectVersion = 47;
	objects = {

/* Begin PBXBuildFile section */
		BD101D7E1B4577D3005BDD1B /* jesus6_3.png in Resources */ = {isa = PBXBuildFile; fileRef = BD101D7C1B4577D3005BDD1B /* jesus6_3.png */; };
		BD101D7F1B4577D3005BDD1B /* middle6_1.png in Resources */ = {isa = PBXBuildFile; fileRef = BD101D7D1B4577D3005BDD1B /* middle6_1.png */; };
		BD101D811B458412005BDD1B /* jesus6_4.png in Resources */ = {isa = PBXBuildFile; fileRef = BD101D801B458412005BDD1B /* jesus6_4.png */; };
		BD1D29EA1B42D6EE00B8E219 /* sword6_1.png in Resources */ = {isa = PBXBuildFile; fileRef = BD1D29E91B42D6EE00B8E219 /* sword6_1.png */; };
		BD42BA3A1B46CDE9005814FD /* middle6_2.png in Resources */ = {isa = PBXBuildFile; fileRef = BD42BA391B46CDE9005814FD /* middle6_2.png */; };
		BDDD08A11B419713006EC62C /* main.m in Sources */ = {isa = PBXBuildFile; fileRef = BDDD08A01B419713006EC62C /* main.m */; };
		BDDD08A41B419713006EC62C /* AppDelegate.m in Sources */ = {isa = PBXBuildFile; fileRef = BDDD08A31B419713006EC62C /* AppDelegate.m */; };
		BDDD08A71B419713006EC62C /* ViewController.m in Sources */ = {isa = PBXBuildFile; fileRef = BDDD08A61B419713006EC62C /* ViewController.m */; };
		BDDD08AA1B419713006EC62C /* Main.storyboard in Resources */ = {isa = PBXBuildFile; fileRef = BDDD08A81B419713006EC62C /* Main.storyboard */; };
		BDDD08AC1B419713006EC62C /* Images.xcassets in Resources */ = {isa = PBXBuildFile; fileRef = BDDD08AB1B419713006EC62C /* Images.xcassets */; };
		BDDD08AF1B419713006EC62C /* LaunchScreen.xib in Resources */ = {isa = PBXBuildFile; fileRef = BDDD08AD1B419713006EC62C /* LaunchScreen.xib */; };
		BDDD08BB1B419713006EC62C /* jesusspeaks6Tests.m in Sources */ = {isa = PBXBuildFile; fileRef = BDDD08BA1B419713006EC62C /* jesusspeaks6Tests.m */; };
		BDDD09301B4197F9006EC62C /* alleyway6.png in Resources */ = {isa = PBXBuildFile; fileRef = BDDD09121B4197F9006EC62C /* alleyway6.png */; };
		BDDD09311B4197F9006EC62C /* audio_back.png in Resources */ = {isa = PBXBuildFile; fileRef = BDDD09131B4197F9006EC62C /* audio_back.png */; };
		BDDD09321B4197F9006EC62C /* audio.png in Resources */ = {isa = PBXBuildFile; fileRef = BDDD09141B4197F9006EC62C /* audio.png */; };
		BDDD09331B4197F9006EC62C /* circle.png in Resources */ = {isa = PBXBuildFile; fileRef = BDDD09151B4197F9006EC62C /* circle.png */; };
		BDDD09341B4197F9006EC62C /* cover_half6.png in Resources */ = {isa = PBXBuildFile; fileRef = BDDD09161B4197F9006EC62C /* cover_half6.png */; };
		BDDD09351B4197F9006EC62C /* cover6.png in Resources */ = {isa = PBXBuildFile; fileRef = BDDD09171B4197F9006EC62C /* cover6.png */; };
		BDDD09361B4197F9006EC62C /* daily_back.png in Resources */ = {isa = PBXBuildFile; fileRef = BDDD09181B4197F9006EC62C /* daily_back.png */; };
		BDDD09371B4197F9006EC62C /* daily.png in Resources */ = {isa = PBXBuildFile; fileRef = BDDD09191B4197F9006EC62C /* daily.png */; };
		BDDD09381B4197F9006EC62C /* jesus6_0.png in Resources */ = {isa = PBXBuildFile; fileRef = BDDD091A1B4197F9006EC62C /* jesus6_0.png */; };
		BDDD09391B4197F9006EC62C /* jesus6_1.png in Resources */ = {isa = PBXBuildFile; fileRef = BDDD091B1B4197F9006EC62C /* jesus6_1.png */; };
		BDDD093A1B4197F9006EC62C /* jesus6_2.png in Resources */ = {isa = PBXBuildFile; fileRef = BDDD091C1B4197F9006EC62C /* jesus6_2.png */; };
		BDDD093B1B4197F9006EC62C /* lamp6.png in Resources */ = {isa = PBXBuildFile; fileRef = BDDD091D1B4197F9006EC62C /* lamp6.png */; };
		BDDD093C1B4197F9006EC62C /* light6.png in Resources */ = {isa = PBXBuildFile; fileRef = BDDD091E1B4197F9006EC62C /* light6.png */; };
		BDDD093D1B4197F9006EC62C /* middle6.png in Resources */ = {isa = PBXBuildFile; fileRef = BDDD091F1B4197F9006EC62C /* middle6.png */; };
		BDDD093E1B4197F9006EC62C /* read_back.png in Resources */ = {isa = PBXBuildFile; fileRef = BDDD09201B4197F9006EC62C /* read_back.png */; };
		BDDD093F1B4197F9006EC62C /* read.png in Resources */ = {isa = PBXBuildFile; fileRef = BDDD09211B4197F9006EC62C /* read.png */; };
		BDDD09401B4197F9006EC62C /* splash6.png in Resources */ = {isa = PBXBuildFile; fileRef = BDDD09221B4197F9006EC62C /* splash6.png */; };
		BDDD09411B4197F9006EC62C /* sword6.png in Resources */ = {isa = PBXBuildFile; fileRef = BDDD09231B4197F9006EC62C /* sword6.png */; };
		BDDD09421B4197F9006EC62C /* topics_back.png in Resources */ = {isa = PBXBuildFile; fileRef = BDDD09241B4197F9006EC62C /* topics_back.png */; };
		BDDD09431B4197F9006EC62C /* topics.png in Resources */ = {isa = PBXBuildFile; fileRef = BDDD09251B4197F9006EC62C /* topics.png */; };
		BDDD09441B4197F9006EC62C /* tunes_back.png in Resources */ = {isa = PBXBuildFile; fileRef = BDDD09261B4197F9006EC62C /* tunes_back.png */; };
		BDDD09451B4197F9006EC62C /* tunes.png in Resources */ = {isa = PBXBuildFile; fileRef = BDDD09271B4197F9006EC62C /* tunes.png */; };
		BDDD09461B4197F9006EC62C /* whoweare_back.png in Resources */ = {isa = PBXBuildFile; fileRef = BDDD09281B4197F9006EC62C /* whoweare_back.png */; };
		BDDD094E1B419B31006EC62C /* 58.png in Resources */ = {isa = PBXBuildFile; fileRef = BDDD09471B419B31006EC62C /* 58.png */; };
		BDDD094F1B419B31006EC62C /* 76.png in Resources */ = {isa = PBXBuildFile; fileRef = BDDD09481B419B31006EC62C /* 76.png */; };
		BDDD09501B419B31006EC62C /* 80.png in Resources */ = {isa = PBXBuildFile; fileRef = BDDD09491B419B31006EC62C /* 80.png */; };
		BDDD09511B419B31006EC62C /* 87.png in Resources */ = {isa = PBXBuildFile; fileRef = BDDD094A1B419B31006EC62C /* 87.png */; };
		BDDD09521B419B31006EC62C /* 120.png in Resources */ = {isa = PBXBuildFile; fileRef = BDDD094B1B419B31006EC62C /* 120.png */; };
		BDDD09531B419B31006EC62C /* 152.png in Resources */ = {isa = PBXBuildFile; fileRef = BDDD094C1B419B31006EC62C /* 152.png */; };
		BDDD09541B419B31006EC62C /* 180.png in Resources */ = {isa = PBXBuildFile; fileRef = BDDD094D1B419B31006EC62C /* 180.png */; };
		BDEBEB4C1B41A13E003284F0 /* MainViewController.m in Sources */ = {isa = PBXBuildFile; fileRef = BDEBEB4B1B41A13E003284F0 /* MainViewController.m */; };
		BDEBEB4F1B41B815003284F0 /* all_black.png in Resources */ = {isa = PBXBuildFile; fileRef = BDEBEB4D1B41B815003284F0 /* all_black.png */; };
		BDEBEB501B41B815003284F0 /* sword6_black.png in Resources */ = {isa = PBXBuildFile; fileRef = BDEBEB4E1B41B815003284F0 /* sword6_black.png */; };
/* End PBXBuildFile section */

/* Begin PBXContainerItemProxy section */
		BDDD08B51B419713006EC62C /* PBXContainerItemProxy */ = {
			isa = PBXContainerItemProxy;
			containerPortal = BDDD08931B419713006EC62C /* Project object */;
			proxyType = 1;
			remoteGlobalIDString = BDDD089A1B419713006EC62C;
			remoteInfo = jesusspeaks6;
		};
/* End PBXContainerItemProxy section */

/* Begin PBXFileReference section */
		BD101D7C1B4577D3005BDD1B /* jesus6_3.png */ = {isa = PBXFileReference; lastKnownFileType = image.png; name = jesus6_3.png; path = Images/jesus6_3.png; sourceTree = "<group>"; };
		BD101D7D1B4577D3005BDD1B /* middle6_1.png */ = {isa = PBXFileReference; lastKnownFileType = image.png; name = middle6_1.png; path = Images/middle6_1.png; sourceTree = "<group>"; };
		BD101D801B458412005BDD1B /* jesus6_4.png */ = {isa = PBXFileReference; lastKnownFileType = image.png; name = jesus6_4.png; path = Images/jesus6_4.png; sourceTree = "<group>"; };
		BD1D29E91B42D6EE00B8E219 /* sword6_1.png */ = {isa = PBXFileReference; lastKnownFileType = image.png; name = sword6_1.png; path = Images/sword6_1.png; sourceTree = "<group>"; };
		BD42BA391B46CDE9005814FD /* middle6_2.png */ = {isa = PBXFileReference; lastKnownFileType = image.png; name = middle6_2.png; path = Images/middle6_2.png; sourceTree = "<group>"; };
		BDDD089B1B419713006EC62C /* jesusspeaks6.app */ = {isa = PBXFileReference; explicitFileType = wrapper.application; includeInIndex = 0; path = jesusspeaks6.app; sourceTree = BUILT_PRODUCTS_DIR; };
		BDDD089F1B419713006EC62C /* Info.plist */ = {isa = PBXFileReference; lastKnownFileType = text.plist.xml; path = Info.plist; sourceTree = "<group>"; };
		BDDD08A01B419713006EC62C /* main.m */ = {isa = PBXFileReference; lastKnownFileType = sourcecode.c.objc; path = main.m; sourceTree = "<group>"; };
		BDDD08A21B419713006EC62C /* AppDelegate.h */ = {isa = PBXFileReference; lastKnownFileType = sourcecode.c.h; path = AppDelegate.h; sourceTree = "<group>"; };
		BDDD08A31B419713006EC62C /* AppDelegate.m */ = {isa = PBXFileReference; lastKnownFileType = sourcecode.c.objc; path = AppDelegate.m; sourceTree = "<group>"; };
		BDDD08A51B419713006EC62C /* ViewController.h */ = {isa = PBXFileReference; lastKnownFileType = sourcecode.c.h; path = ViewController.h; sourceTree = "<group>"; };
		BDDD08A61B419713006EC62C /* ViewController.m */ = {isa = PBXFileReference; lastKnownFileType = sourcecode.c.objc; path = ViewController.m; sourceTree = "<group>"; };
		BDDD08A91B419713006EC62C /* Base */ = {isa = PBXFileReference; lastKnownFileType = file.storyboard; name = Base; path = Base.lproj/Main.storyboard; sourceTree = "<group>"; };
		BDDD08AB1B419713006EC62C /* Images.xcassets */ = {isa = PBXFileReference; lastKnownFileType = folder.assetcatalog; path = Images.xcassets; sourceTree = "<group>"; };
		BDDD08AE1B419713006EC62C /* Base */ = {isa = PBXFileReference; lastKnownFileType = file.xib; name = Base; path = Base.lproj/LaunchScreen.xib; sourceTree = "<group>"; };
		BDDD08B41B419713006EC62C /* jesusspeaks6Tests.xctest */ = {isa = PBXFileReference; explicitFileType = wrapper.cfbundle; includeInIndex = 0; path = jesusspeaks6Tests.xctest; sourceTree = BUILT_PRODUCTS_DIR; };
		BDDD08B91B419713006EC62C /* Info.plist */ = {isa = PBXFileReference; lastKnownFileType = text.plist.xml; path = Info.plist; sourceTree = "<group>"; };
		BDDD08BA1B419713006EC62C /* jesusspeaks6Tests.m */ = {isa = PBXFileReference; lastKnownFileType = sourcecode.c.objc; path = jesusspeaks6Tests.m; sourceTree = "<group>"; };
		BDDD09121B4197F9006EC62C /* alleyway6.png */ = {isa = PBXFileReference; lastKnownFileType = image.png; name = alleyway6.png; path = Images/alleyway6.png; sourceTree = "<group>"; };
		BDDD09131B4197F9006EC62C /* audio_back.png */ = {isa = PBXFileReference; lastKnownFileType = image.png; name = audio_back.png; path = Images/audio_back.png; sourceTree = "<group>"; };
		BDDD09141B4197F9006EC62C /* audio.png */ = {isa = PBXFileReference; lastKnownFileType = image.png; name = audio.png; path = Images/audio.png; sourceTree = "<group>"; };
		BDDD09151B4197F9006EC62C /* circle.png */ = {isa = PBXFileReference; lastKnownFileType = image.png; name = circle.png; path = Images/circle.png; sourceTree = "<group>"; };
		BDDD09161B4197F9006EC62C /* cover_half6.png */ = {isa = PBXFileReference; lastKnownFileType = image.png; name = cover_half6.png; path = Images/cover_half6.png; sourceTree = "<group>"; };
		BDDD09171B4197F9006EC62C /* cover6.png */ = {isa = PBXFileReference; lastKnownFileType = image.png; name = cover6.png; path = Images/cover6.png; sourceTree = "<group>"; };
		BDDD09181B4197F9006EC62C /* daily_back.png */ = {isa = PBXFileReference; lastKnownFileType = image.png; name = daily_back.png; path = Images/daily_back.png; sourceTree = "<group>"; };
		BDDD09191B4197F9006EC62C /* daily.png */ = {isa = PBXFileReference; lastKnownFileType = image.png; name = daily.png; path = Images/daily.png; sourceTree = "<group>"; };
		BDDD091A1B4197F9006EC62C /* jesus6_0.png */ = {isa = PBXFileReference; lastKnownFileType = image.png; name = jesus6_0.png; path = Images/jesus6_0.png; sourceTree = "<group>"; };
		BDDD091B1B4197F9006EC62C /* jesus6_1.png */ = {isa = PBXFileReference; lastKnownFileType = image.png; name = jesus6_1.png; path = Images/jesus6_1.png; sourceTree = "<group>"; };
		BDDD091C1B4197F9006EC62C /* jesus6_2.png */ = {isa = PBXFileReference; lastKnownFileType = image.png; name = jesus6_2.png; path = Images/jesus6_2.png; sourceTree = "<group>"; };
		BDDD091D1B4197F9006EC62C /* lamp6.png */ = {isa = PBXFileReference; lastKnownFileType = image.png; name = lamp6.png; path = Images/lamp6.png; sourceTree = "<group>"; };
		BDDD091E1B4197F9006EC62C /* light6.png */ = {isa = PBXFileReference; lastKnownFileType = image.png; name = light6.png; path = Images/light6.png; sourceTree = "<group>"; };
		BDDD091F1B4197F9006EC62C /* middle6.png */ = {isa = PBXFileReference; lastKnownFileType = image.png; name = middle6.png; path = Images/middle6.png; sourceTree = "<group>"; };
		BDDD09201B4197F9006EC62C /* read_back.png */ = {isa = PBXFileReference; lastKnownFileType = image.png; name = read_back.png; path = Images/read_back.png; sourceTree = "<group>"; };
		BDDD09211B4197F9006EC62C /* read.png */ = {isa = PBXFileReference; lastKnownFileType = image.png; name = read.png; path = Images/read.png; sourceTree = "<group>"; };
		BDDD09221B4197F9006EC62C /* splash6.png */ = {isa = PBXFileReference; lastKnownFileType = image.png; name = splash6.png; path = Images/splash6.png; sourceTree = "<group>"; };
		BDDD09231B4197F9006EC62C /* sword6.png */ = {isa = PBXFileReference; lastKnownFileType = image.png; name = sword6.png; path = Images/sword6.png; sourceTree = "<group>"; };
		BDDD09241B4197F9006EC62C /* topics_back.png */ = {isa = PBXFileReference; lastKnownFileType = image.png; name = topics_back.png; path = Images/topics_back.png; sourceTree = "<group>"; };
		BDDD09251B4197F9006EC62C /* topics.png */ = {isa = PBXFileReference; lastKnownFileType = image.png; name = topics.png; path = Images/topics.png; sourceTree = "<group>"; };
		BDDD09261B4197F9006EC62C /* tunes_back.png */ = {isa = PBXFileReference; lastKnownFileType = image.png; name = tunes_back.png; path = Images/tunes_back.png; sourceTree = "<group>"; };
		BDDD09271B4197F9006EC62C /* tunes.png */ = {isa = PBXFileReference; lastKnownFileType = image.png; name = tunes.png; path = Images/tunes.png; sourceTree = "<group>"; };
		BDDD09281B4197F9006EC62C /* whoweare_back.png */ = {isa = PBXFileReference; lastKnownFileType = image.png; name = whoweare_back.png; path = Images/whoweare_back.png; sourceTree = "<group>"; };
		BDDD09471B419B31006EC62C /* 58.png */ = {isa = PBXFileReference; lastKnownFileType = image.png; name = 58.png; path = Images/58.png; sourceTree = "<group>"; };
		BDDD09481B419B31006EC62C /* 76.png */ = {isa = PBXFileReference; lastKnownFileType = image.png; name = 76.png; path = Images/76.png; sourceTree = "<group>"; };
		BDDD09491B419B31006EC62C /* 80.png */ = {isa = PBXFileReference; lastKnownFileType = image.png; name = 80.png; path = Images/80.png; sourceTree = "<group>"; };
		BDDD094A1B419B31006EC62C /* 87.png */ = {isa = PBXFileReference; lastKnownFileType = image.png; name = 87.png; path = Images/87.png; sourceTree = "<group>"; };
		BDDD094B1B419B31006EC62C /* 120.png */ = {isa = PBXFileReference; lastKnownFileType = image.png; name = 120.png; path = Images/120.png; sourceTree = "<group>"; };
		BDDD094C1B419B31006EC62C /* 152.png */ = {isa = PBXFileReference; lastKnownFileType = image.png; name = 152.png; path = Images/152.png; sourceTree = "<group>"; };
		BDDD094D1B419B31006EC62C /* 180.png */ = {isa = PBXFileReference; lastKnownFileType = image.png; name = 180.png; path = Images/180.png; sourceTree = "<group>"; };
		BDEBEB4A1B41A13E003284F0 /* MainViewController.h */ = {isa = PBXFileReference; fileEncoding = 4; lastKnownFileType = sourcecode.c.h; path = MainViewController.h; sourceTree = "<group>"; };
		BDEBEB4B1B41A13E003284F0 /* MainViewController.m */ = {isa = PBXFileReference; fileEncoding = 4; lastKnownFileType = sourcecode.c.objc; path = MainViewController.m; sourceTree = "<group>"; };
		BDEBEB4D1B41B815003284F0 /* all_black.png */ = {isa = PBXFileReference; lastKnownFileType = image.png; name = all_black.png; path = Images/all_black.png; sourceTree = "<group>"; };
		BDEBEB4E1B41B815003284F0 /* sword6_black.png */ = {isa = PBXFileReference; lastKnownFileType = image.png; name = sword6_black.png; path = Images/sword6_black.png; sourceTree = "<group>"; };
/* End PBXFileReference section */

/* Begin PBXFrameworksBuildPhase section */
		BDDD08981B419713006EC62C /* Frameworks */ = {
			isa = PBXFrameworksBuildPhase;
			buildActionMask = 2147483647;
			files = (
			);
			runOnlyForDeploymentPostprocessing = 0;
		};
		BDDD08B11B419713006EC62C /* Frameworks */ = {
			isa = PBXFrameworksBuildPhase;
			buildActionMask = 2147483647;
			files = (
			);
			runOnlyForDeploymentPostprocessing = 0;
		};
/* End PBXFrameworksBuildPhase section */

/* Begin PBXGroup section */
		BDDD08921B419713006EC62C = {
			isa = PBXGroup;
			children = (
				BDDD089D1B419713006EC62C /* jesusspeaks6 */,
				BDDD08B71B419713006EC62C /* jesusspeaks6Tests */,
				BDDD089C1B419713006EC62C /* Products */,
			);
			sourceTree = "<group>";
		};
		BDDD089C1B419713006EC62C /* Products */ = {
			isa = PBXGroup;
			children = (
				BDDD089B1B419713006EC62C /* jesusspeaks6.app */,
				BDDD08B41B419713006EC62C /* jesusspeaks6Tests.xctest */,
			);
			name = Products;
			sourceTree = "<group>";
		};
		BDDD089D1B419713006EC62C /* jesusspeaks6 */ = {
			isa = PBXGroup;
			children = (
				BDDD08C41B419721006EC62C /* images */,
				BDDD08A21B419713006EC62C /* AppDelegate.h */,
				BDDD08A31B419713006EC62C /* AppDelegate.m */,
				BDDD08A51B419713006EC62C /* ViewController.h */,
				BDDD08A61B419713006EC62C /* ViewController.m */,
				BDDD08A81B419713006EC62C /* Main.storyboard */,
				BDDD08AB1B419713006EC62C /* Images.xcassets */,
				BDDD08AD1B419713006EC62C /* LaunchScreen.xib */,
				BDDD089E1B419713006EC62C /* Supporting Files */,
				BDEBEB4A1B41A13E003284F0 /* MainViewController.h */,
				BDEBEB4B1B41A13E003284F0 /* MainViewController.m */,
			);
			path = jesusspeaks6;
			sourceTree = "<group>";
		};
		BDDD089E1B419713006EC62C /* Supporting Files */ = {
			isa = PBXGroup;
			children = (
				BDDD089F1B419713006EC62C /* Info.plist */,
				BDDD08A01B419713006EC62C /* main.m */,
			);
			name = "Supporting Files";
			sourceTree = "<group>";
		};
		BDDD08B71B419713006EC62C /* jesusspeaks6Tests */ = {
			isa = PBXGroup;
			children = (
				BDDD08BA1B419713006EC62C /* jesusspeaks6Tests.m */,
				BDDD08B81B419713006EC62C /* Supporting Files */,
			);
			path = jesusspeaks6Tests;
			sourceTree = "<group>";
		};
		BDDD08B81B419713006EC62C /* Supporting Files */ = {
			isa = PBXGroup;
			children = (
				BDDD08B91B419713006EC62C /* Info.plist */,
			);
			name = "Supporting Files";
			sourceTree = "<group>";
		};
		BDDD08C41B419721006EC62C /* images */ = {
			isa = PBXGroup;
			children = (
				BD42BA391B46CDE9005814FD /* middle6_2.png */,
				BD101D801B458412005BDD1B /* jesus6_4.png */,
				BD101D7C1B4577D3005BDD1B /* jesus6_3.png */,
				BD101D7D1B4577D3005BDD1B /* middle6_1.png */,
				BDDD09471B419B31006EC62C /* 58.png */,
				BDDD09481B419B31006EC62C /* 76.png */,
				BDDD09491B419B31006EC62C /* 80.png */,
				BDDD094A1B419B31006EC62C /* 87.png */,
				BDDD094B1B419B31006EC62C /* 120.png */,
				BDDD094C1B419B31006EC62C /* 152.png */,
				BDDD094D1B419B31006EC62C /* 180.png */,
				BDEBEB4D1B41B815003284F0 /* all_black.png */,
				BDDD09121B4197F9006EC62C /* alleyway6.png */,
				BDDD09131B4197F9006EC62C /* audio_back.png */,
				BDDD09141B4197F9006EC62C /* audio.png */,
				BDDD09151B4197F9006EC62C /* circle.png */,
				BDDD09161B4197F9006EC62C /* cover_half6.png */,
				BDDD09171B4197F9006EC62C /* cover6.png */,
				BDDD09181B4197F9006EC62C /* daily_back.png */,
				BDDD09191B4197F9006EC62C /* daily.png */,
				BDDD091A1B4197F9006EC62C /* jesus6_0.png */,
				BDDD091B1B4197F9006EC62C /* jesus6_1.png */,
				BDDD091C1B4197F9006EC62C /* jesus6_2.png */,
				BDDD091D1B4197F9006EC62C /* lamp6.png */,
				BDDD091E1B4197F9006EC62C /* light6.png */,
				BDDD091F1B4197F9006EC62C /* middle6.png */,
				BDDD09201B4197F9006EC62C /* read_back.png */,
				BDDD09211B4197F9006EC62C /* read.png */,
				BDDD09221B4197F9006EC62C /* splash6.png */,
				BD1D29E91B42D6EE00B8E219 /* sword6_1.png */,
				BDEBEB4E1B41B815003284F0 /* sword6_black.png */,
				BDDD09231B4197F9006EC62C /* sword6.png */,
				BDDD09241B4197F9006EC62C /* topics_back.png */,
				BDDD09251B4197F9006EC62C /* topics.png */,
				BDDD09261B4197F9006EC62C /* tunes_back.png */,
				BDDD09271B4197F9006EC62C /* tunes.png */,
				BDDD09281B4197F9006EC62C /* whoweare_back.png */,
			);
			name = images;
			sourceTree = "<group>";
		};
/* End PBXGroup section */

/* Begin PBXNativeTarget section */
		BDDD089A1B419713006EC62C /* jesusspeaks6 */ = {
			isa = PBXNativeTarget;
			buildConfigurationList = BDDD08BE1B419713006EC62C /* Build configuration list for PBXNativeTarget "jesusspeaks6" */;
			buildPhases = (
				BDDD08971B419713006EC62C /* Sources */,
				BDDD08981B419713006EC62C /* Frameworks */,
				BDDD08991B419713006EC62C /* Resources */,
			);
			buildRules = (
			);
			dependencies = (
			);
			name = jesusspeaks6;
			productName = jesusspeaks6;
			productReference = BDDD089B1B419713006EC62C /* jesusspeaks6.app */;
			productType = "com.apple.product-type.application";
		};
		BDDD08B31B419713006EC62C /* jesusspeaks6Tests */ = {
			isa = PBXNativeTarget;
			buildConfigurationList = BDDD08C11B419713006EC62C /* Build configuration list for PBXNativeTarget "jesusspeaks6Tests" */;
			buildPhases = (
				BDDD08B01B419713006EC62C /* Sources */,
				BDDD08B11B419713006EC62C /* Frameworks */,
				BDDD08B21B419713006EC62C /* Resources */,
			);
			buildRules = (
			);
			dependencies = (
				BDDD08B61B419713006EC62C /* PBXTargetDependency */,
			);
			name = jesusspeaks6Tests;
			productName = jesusspeaks6Tests;
			productReference = BDDD08B41B419713006EC62C /* jesusspeaks6Tests.xctest */;
			productType = "com.apple.product-type.bundle.unit-test";
		};
/* End PBXNativeTarget section */

/* Begin PBXProject section */
		BDDD08931B419713006EC62C /* Project object */ = {
			isa = PBXProject;
			attributes = {
				LastUpgradeCheck = 0630;
				ORGANIZATIONNAME = fsoft;
				TargetAttributes = {
					BDDD089A1B419713006EC62C = {
						CreatedOnToolsVersion = 6.3.2;
						DevelopmentTeam = ZDWS35WH3J;
					};
					BDDD08B31B419713006EC62C = {
						CreatedOnToolsVersion = 6.3.2;
						DevelopmentTeam = ZDWS35WH3J;
						TestTargetID = BDDD089A1B419713006EC62C;
					};
				};
			};
			buildConfigurationList = BDDD08961B419713006EC62C /* Build configuration list for PBXProject "jesusspeaks6" */;
			compatibilityVersion = "Xcode 6.3";
			developmentRegion = English;
			hasScannedForEncodings = 0;
			knownRegions = (
				en,
				Base,
			);
			mainGroup = BDDD08921B419713006EC62C;
			productRefGroup = BDDD089C1B419713006EC62C /* Products */;
			projectDirPath = "";
			projectRoot = "";
			targets = (
				BDDD089A1B419713006EC62C /* jesusspeaks6 */,
				BDDD08B31B419713006EC62C /* jesusspeaks6Tests */,
			);
		};
/* End PBXProject section */

/* Begin PBXResourcesBuildPhase section */
		BDDD08991B419713006EC62C /* Resources */ = {
			isa = PBXResourcesBuildPhase;
			buildActionMask = 2147483647;
			files = (
				BDDD093A1B4197F9006EC62C /* jesus6_2.png in Resources */,
				BDDD09351B4197F9006EC62C /* cover6.png in Resources */,
				BDDD093B1B4197F9006EC62C /* lamp6.png in Resources */,
				BDDD09301B4197F9006EC62C /* alleyway6.png in Resources */,
				BDDD093C1B4197F9006EC62C /* light6.png in Resources */,
				BDEBEB4F1B41B815003284F0 /* all_black.png in Resources */,
				BDDD09311B4197F9006EC62C /* audio_back.png in Resources */,
				BDDD08AA1B419713006EC62C /* Main.storyboard in Resources */,
				BDDD09411B4197F9006EC62C /* sword6.png in Resources */,
				BDDD09451B4197F9006EC62C /* tunes.png in Resources */,
				BDDD09371B4197F9006EC62C /* daily.png in Resources */,
				BDDD09341B4197F9006EC62C /* cover_half6.png in Resources */,
				BD1D29EA1B42D6EE00B8E219 /* sword6_1.png in Resources */,
				BDDD09501B419B31006EC62C /* 80.png in Resources */,
				BD42BA3A1B46CDE9005814FD /* middle6_2.png in Resources */,
				BD101D7E1B4577D3005BDD1B /* jesus6_3.png in Resources */,
				BDDD08AF1B419713006EC62C /* LaunchScreen.xib in Resources */,
				BDDD09461B4197F9006EC62C /* whoweare_back.png in Resources */,
				BDDD09431B4197F9006EC62C /* topics.png in Resources */,
				BDDD09421B4197F9006EC62C /* topics_back.png in Resources */,
				BDDD09321B4197F9006EC62C /* audio.png in Resources */,
				BDDD093E1B4197F9006EC62C /* read_back.png in Resources */,
				BDDD09531B419B31006EC62C /* 152.png in Resources */,
				BDDD09401B4197F9006EC62C /* splash6.png in Resources */,
				BDDD09361B4197F9006EC62C /* daily_back.png in Resources */,
				BDDD09511B419B31006EC62C /* 87.png in Resources */,
				BD101D7F1B4577D3005BDD1B /* middle6_1.png in Resources */,
				BDEBEB501B41B815003284F0 /* sword6_black.png in Resources */,
				BDDD09391B4197F9006EC62C /* jesus6_1.png in Resources */,
				BDDD093D1B4197F9006EC62C /* middle6.png in Resources */,
				BD101D811B458412005BDD1B /* jesus6_4.png in Resources */,
				BDDD09331B4197F9006EC62C /* circle.png in Resources */,
				BDDD094E1B419B31006EC62C /* 58.png in Resources */,
				BDDD09441B4197F9006EC62C /* tunes_back.png in Resources */,
				BDDD09541B419B31006EC62C /* 180.png in Resources */,
				BDDD093F1B4197F9006EC62C /* read.png in Resources */,
				BDDD09381B4197F9006EC62C /* jesus6_0.png in Resources */,
				BDDD094F1B419B31006EC62C /* 76.png in Resources */,
				BDDD09521B419B31006EC62C /* 120.png in Resources */,
				BDDD08AC1B419713006EC62C /* Images.xcassets in Resources */,
			);
			runOnlyForDeploymentPostprocessing = 0;
		};
		BDDD08B21B419713006EC62C /* Resources */ = {
			isa = PBXResourcesBuildPhase;
			buildActionMask = 2147483647;
			files = (
			);
			runOnlyForDeploymentPostprocessing = 0;
		};
/* End PBXResourcesBuildPhase section */

/* Begin PBXSourcesBuildPhase section */
		BDDD08971B419713006EC62C /* Sources */ = {
			isa = PBXSourcesBuildPhase;
			buildActionMask = 2147483647;
			files = (
				BDDD08A71B419713006EC62C /* ViewController.m in Sources */,
				BDDD08A41B419713006EC62C /* AppDelegate.m in Sources */,
				BDDD08A11B419713006EC62C /* main.m in Sources */,
				BDEBEB4C1B41A13E003284F0 /* MainViewController.m in Sources */,
			);
			runOnlyForDeploymentPostprocessing = 0;
		};
		BDDD08B01B419713006EC62C /* Sources */ = {
			isa = PBXSourcesBuildPhase;
			buildActionMask = 2147483647;
			files = (
				BDDD08BB1B419713006EC62C /* jesusspeaks6Tests.m in Sources */,
			);
			runOnlyForDeploymentPostprocessing = 0;
		};
/* End PBXSourcesBuildPhase section */

/* Begin PBXTargetDependency section */
		BDDD08B61B419713006EC62C /* PBXTargetDependency */ = {
			isa = PBXTargetDependency;
			target = BDDD089A1B419713006EC62C /* jesusspeaks6 */;
			targetProxy = BDDD08B51B419713006EC62C /* PBXContainerItemProxy */;
		};
/* End PBXTargetDependency section */

/* Begin PBXVariantGroup section */
		BDDD08A81B419713006EC62C /* Main.storyboard */ = {
			isa = PBXVariantGroup;
			children = (
				BDDD08A91B419713006EC62C /* Base */,
			);
			name = Main.storyboard;
			sourceTree = "<group>";
		};
		BDDD08AD1B419713006EC62C /* LaunchScreen.xib */ = {
			isa = PBXVariantGroup;
			children = (
				BDDD08AE1B419713006EC62C /* Base */,
			);
			name = LaunchScreen.xib;
			sourceTree = "<group>";
		};
/* End PBXVariantGroup section */

/* Begin XCBuildConfiguration section */
		BDDD08BC1B419713006EC62C /* Debug */ = {
			isa = XCBuildConfiguration;
			buildSettings = {
				ALWAYS_SEARCH_USER_PATHS = NO;
				CLANG_CXX_LANGUAGE_STANDARD = "gnu++0x";
				CLANG_CXX_LIBRARY = "libc++";
				CLANG_ENABLE_MODULES = YES;
				CLANG_ENABLE_OBJC_ARC = YES;
				CLANG_WARN_BOOL_CONVERSION = YES;
				CLANG_WARN_CONSTANT_CONVERSION = YES;
				CLANG_WARN_DIRECT_OBJC_ISA_USAGE = YES_ERROR;
				CLANG_WARN_EMPTY_BODY = YES;
				CLANG_WARN_ENUM_CONVERSION = YES;
				CLANG_WARN_INT_CONVERSION = YES;
				CLANG_WARN_OBJC_ROOT_CLASS = YES_ERROR;
				CLANG_WARN_UNREACHABLE_CODE = YES;
				CLANG_WARN__DUPLICATE_METHOD_MATCH = YES;
				CODE_SIGN_IDENTITY = "iPhone Developer: happywutian@icloud.com (3C3Z7UAPEJ)";
				"CODE_SIGN_IDENTITY[sdk=iphoneos*]" = "iPhone Developer: happywutian@icloud.com (3C3Z7UAPEJ)";
				COPY_PHASE_STRIP = NO;
				DEBUG_INFORMATION_FORMAT = "dwarf-with-dsym";
				ENABLE_STRICT_OBJC_MSGSEND = YES;
				GCC_C_LANGUAGE_STANDARD = gnu99;
				GCC_DYNAMIC_NO_PIC = NO;
				GCC_NO_COMMON_BLOCKS = YES;
				GCC_OPTIMIZATION_LEVEL = 0;
				GCC_PREPROCESSOR_DEFINITIONS = (
					"DEBUG=1",
					"$(inherited)",
				);
				GCC_SYMBOLS_PRIVATE_EXTERN = NO;
				GCC_WARN_64_TO_32_BIT_CONVERSION = YES;
				GCC_WARN_ABOUT_RETURN_TYPE = YES_ERROR;
				GCC_WARN_UNDECLARED_SELECTOR = YES;
				GCC_WARN_UNINITIALIZED_AUTOS = YES_AGGRESSIVE;
				GCC_WARN_UNUSED_FUNCTION = YES;
				GCC_WARN_UNUSED_VARIABLE = YES;
				IPHONEOS_DEPLOYMENT_TARGET = 8.3;
				MTL_ENABLE_DEBUG_INFO = YES;
				ONLY_ACTIVE_ARCH = NO;
				SDKROOT = iphoneos;
				TARGETED_DEVICE_FAMILY = "1,2";
			};
			name = Debug;
		};
		BDDD08BD1B419713006EC62C /* Release */ = {
			isa = XCBuildConfiguration;
			buildSettings = {
				ALWAYS_SEARCH_USER_PATHS = NO;
				CLANG_CXX_LANGUAGE_STANDARD = "gnu++0x";
				CLANG_CXX_LIBRARY = "libc++";
				CLANG_ENABLE_MODULES = YES;
				CLANG_ENABLE_OBJC_ARC = YES;
				CLANG_WARN_BOOL_CONVERSION = YES;
				CLANG_WARN_CONSTANT_CONVERSION = YES;
				CLANG_WARN_DIRECT_OBJC_ISA_USAGE = YES_ERROR;
				CLANG_WARN_EMPTY_BODY = YES;
				CLANG_WARN_ENUM_CONVERSION = YES;
				CLANG_WARN_INT_CONVERSION = YES;
				CLANG_WARN_OBJC_ROOT_CLASS = YES_ERROR;
				CLANG_WARN_UNREACHABLE_CODE = YES;
				CLANG_WARN__DUPLICATE_METHOD_MATCH = YES;
				CODE_SIGN_IDENTITY = "iPhone Developer: happywutian@icloud.com (3C3Z7UAPEJ)";
				"CODE_SIGN_IDENTITY[sdk=iphoneos*]" = "iPhone Developer: happywutian@icloud.com (3C3Z7UAPEJ)";
				COPY_PHASE_STRIP = NO;
				DEBUG_INFORMATION_FORMAT = "dwarf-with-dsym";
				ENABLE_NS_ASSERTIONS = NO;
				ENABLE_STRICT_OBJC_MSGSEND = YES;
				GCC_C_LANGUAGE_STANDARD = gnu99;
				GCC_NO_COMMON_BLOCKS = YES;
				GCC_WARN_64_TO_32_BIT_CONVERSION = YES;
				GCC_WARN_ABOUT_RETURN_TYPE = YES_ERROR;
				GCC_WARN_UNDECLARED_SELECTOR = YES;
				GCC_WARN_UNINITIALIZED_AUTOS = YES_AGGRESSIVE;
				GCC_WARN_UNUSED_FUNCTION = YES;
				GCC_WARN_UNUSED_VARIABLE = YES;
				IPHONEOS_DEPLOYMENT_TARGET = 8.3;
				MTL_ENABLE_DEBUG_INFO = NO;
				ONLY_ACTIVE_ARCH = NO;
				SDKROOT = iphoneos;
				TARGETED_DEVICE_FAMILY = "1,2";
				VALIDATE_PRODUCT = YES;
			};
			name = Release;
		};
		BDDD08BF1B419713006EC62C /* Debug */ = {
			isa = XCBuildConfiguration;
			buildSettings = {
				ASSETCATALOG_COMPILER_APPICON_NAME = AppIcon;
				CODE_SIGN_IDENTITY = "iPhone Developer";
				"CODE_SIGN_IDENTITY[sdk=iphoneos*]" = "iPhone Developer";
				ENABLE_BITCODE = NO;
				INFOPLIST_FILE = jesusspeaks6/Info.plist;
				LD_RUNPATH_SEARCH_PATHS = "$(inherited) @executable_path/Frameworks";
				PRODUCT_NAME = "$(TARGET_NAME)";
				PROVISIONING_PROFILE = "";
			};
			name = Debug;
		};
		BDDD08C01B419713006EC62C /* Release */ = {
			isa = XCBuildConfiguration;
			buildSettings = {
				ASSETCATALOG_COMPILER_APPICON_NAME = AppIcon;
				CODE_SIGN_IDENTITY = "iPhone Developer";
				"CODE_SIGN_IDENTITY[sdk=iphoneos*]" = "iPhone Developer";
				ENABLE_BITCODE = NO;
				INFOPLIST_FILE = jesusspeaks6/Info.plist;
				LD_RUNPATH_SEARCH_PATHS = "$(inherited) @executable_path/Frameworks";
				PRODUCT_NAME = "$(TARGET_NAME)";
				PROVISIONING_PROFILE = "";
			};
			name = Release;
		};
		BDDD08C21B419713006EC62C /* Debug */ = {
			isa = XCBuildConfiguration;
			buildSettings = {
				BUNDLE_LOADER = "$(TEST_HOST)";
				CODE_SIGN_IDENTITY = "iPhone Developer";
				"CODE_SIGN_IDENTITY[sdk=iphoneos*]" = "iPhone Developer";
				FRAMEWORK_SEARCH_PATHS = (
					"$(SDKROOT)/Developer/Library/Frameworks",
					"$(inherited)",
				);
				GCC_PREPROCESSOR_DEFINITIONS = (
					"DEBUG=1",
					"$(inherited)",
				);
				INFOPLIST_FILE = jesusspeaks6Tests/Info.plist;
				LD_RUNPATH_SEARCH_PATHS = "$(inherited) @executable_path/Frameworks @loader_path/Frameworks";
				PRODUCT_NAME = "$(TARGET_NAME)";
				PROVISIONING_PROFILE = "";
				TEST_HOST = "$(BUILT_PRODUCTS_DIR)/jesusspeaks6.app/jesusspeaks6";
			};
			name = Debug;
		};
		BDDD08C31B419713006EC62C /* Release */ = {
			isa = XCBuildConfiguration;
			buildSettings = {
				BUNDLE_LOADER = "$(TEST_HOST)";
				CODE_SIGN_IDENTITY = "iPhone Developer";
				"CODE_SIGN_IDENTITY[sdk=iphoneos*]" = "iPhone Developer";
				FRAMEWORK_SEARCH_PATHS = (
					"$(SDKROOT)/Developer/Library/Frameworks",
					"$(inherited)",
				);
				INFOPLIST_FILE = jesusspeaks6Tests/Info.plist;
				LD_RUNPATH_SEARCH_PATHS = "$(inherited) @executable_path/Frameworks @loader_path/Frameworks";
				PRODUCT_NAME = "$(TARGET_NAME)";
				PROVISIONING_PROFILE = "";
				TEST_HOST = "$(BUILT_PRODUCTS_DIR)/jesusspeaks6.app/jesusspeaks6";
			};
			name = Release;
		};
/* End XCBuildConfiguration section */

/* Begin XCConfigurationList section */
		BDDD08961B419713006EC62C /* Build configuration list for PBXProject "jesusspeaks6" */ = {
			isa = XCConfigurationList;
			buildConfigurations = (
				BDDD08BC1B419713006EC62C /* Debug */,
				BDDD08BD1B419713006EC62C /* Release */,
			);
			defaultConfigurationIsVisible = 0;
			defaultConfigurationName = Release;
		};
		BDDD08BE1B419713006EC62C /* Build configuration list for PBXNativeTarget "jesusspeaks6" */ = {
			isa = XCConfigurationList;
			buildConfigurations = (
				BDDD08BF1B419713006EC62C /* Debug */,
				BDDD08C01B419713006EC62C /* Release */,
			);
			defaultConfigurationIsVisible = 0;
			defaultConfigurationName = Release;
		};
		BDDD08C11B419713006EC62C /* Build configuration list for PBXNativeTarget "jesusspeaks6Tests" */ = {
			isa = XCConfigurationList;
			buildConfigurations = (
				BDDD08C21B419713006EC62C /* Debug */,
				BDDD08C31B419713006EC62C /* Release */,
			);
			defaultConfigurationIsVisible = 0;
			defaultConfigurationName = Release;
		};
/* End XCConfigurationList section */
	};
	rootObject = BDDD08931B419713006EC62C /* Project object */;
}
